
Microsoft Visual Studio Solution File, Format Version 12.00
# Visual Studio Version 17
VisualStudioVersion = 17.14.36119.2 d17.14
MinimumVisualStudioVersion = 10.0.40219.1
Project("{FAE04EC0-301F-11D3-BF4B-00C04F79EFBC}") = "auto-type", "auto-type\auto-type.csproj", "{C6EEC32B-256E-4124-8C2A-2059EAB6B89A}"
EndProject
Global
	GlobalSection(SolutionConfigurationPlatforms) = preSolution
		Debug|Any CPU = Debug|Any CPU
		Release|Any CPU = Release|Any CPU
	EndGlobalSection
	GlobalSection(ProjectConfigurationPlatforms) = postSolution
		{C6EEC32B-256E-4124-8C2A-2059EAB6B89A}.Debug|Any CPU.ActiveCfg = Debug|Any CPU
		{C6EEC32B-256E-4124-8C2A-2059EAB6B89A}.Debug|Any CPU.Build.0 = Debug|Any CPU
		{C6EEC32B-256E-4124-8C2A-2059EAB6B89A}.Release|Any CPU.ActiveCfg = Release|Any CPU
		{C6EEC32B-256E-4124-8C2A-2059EAB6B89A}.Release|Any CPU.Build.0 = Release|Any CPU
	EndGlobalSection
	GlobalSection(SolutionProperties) = preSolution
		HideSolutionNode = FALSE
	EndGlobalSection
	GlobalSection(ExtensibilityGlobals) = postSolution
		SolutionGuid = {F84F2E97-EBF4-4B35-826F-1168D8AE5500}
	EndGlobalSection
EndGlobal
